
Microsoft Visual Studio Solution File, Format Version 12.00
# Visual Studio Version 17
VisualStudioVersion = 17.14.36301.6
MinimumVisualStudioVersion = 10.0.40219.1
Project("{FAE04EC0-301F-11D3-BF4B-00C04F79EFBC}") = "paysky-task", "paysky-task\paysky-task.csproj", "{508FDE1D-211A-433C-914B-9EB0CBEA9599}"
EndProject
Project("{FAE04EC0-301F-11D3-BF4B-00C04F79EFBC}") = "paysky-task-ui", "paysky-task-ui\paysky-task-ui.csproj", "{753BC5AE-69FA-4E71-B8DB-8B4AEEACEDB7}"
EndProject
Global
	GlobalSection(SolutionConfigurationPlatforms) = preSolution
		Debug|Any CPU = Debug|Any CPU
		Debug|x64 = Debug|x64
		Debug|x86 = Debug|x86
		Release|Any CPU = Release|Any CPU
		Release|x64 = Release|x64
		Release|x86 = Release|x86
	EndGlobalSection
	GlobalSection(ProjectConfigurationPlatforms) = postSolution
		{508FDE1D-211A-433C-914B-9EB0CBEA9599}.Debug|Any CPU.ActiveCfg = Debug|Any CPU
		{508FDE1D-211A-433C-914B-9EB0CBEA9599}.Debug|Any CPU.Build.0 = Debug|Any CPU
		{508FDE1D-211A-433C-914B-9EB0CBEA9599}.Debug|x64.ActiveCfg = Debug|Any CPU
		{508FDE1D-211A-433C-914B-9EB0CBEA9599}.Debug|x64.Build.0 = Debug|Any CPU
		{508FDE1D-211A-433C-914B-9EB0CBEA9599}.Debug|x86.ActiveCfg = Debug|Any CPU
		{508FDE1D-211A-433C-914B-9EB0CBEA9599}.Debug|x86.Build.0 = Debug|Any CPU
		{508FDE1D-211A-433C-914B-9EB0CBEA9599}.Release|Any CPU.ActiveCfg = Release|Any CPU
		{508FDE1D-211A-433C-914B-9EB0CBEA9599}.Release|Any CPU.Build.0 = Release|Any CPU
		{508FDE1D-211A-433C-914B-9EB0CBEA9599}.Release|x64.ActiveCfg = Release|Any CPU
		{508FDE1D-211A-433C-914B-9EB0CBEA9599}.Release|x64.Build.0 = Release|Any CPU
		{508FDE1D-211A-433C-914B-9EB0CBEA9599}.Release|x86.ActiveCfg = Release|Any CPU
		{508FDE1D-211A-433C-914B-9EB0CBEA9599}.Release|x86.Build.0 = Release|Any CPU
		{753BC5AE-69FA-4E71-B8DB-8B4AEEACEDB7}.Debug|Any CPU.ActiveCfg = Debug|Any CPU
		{753BC5AE-69FA-4E71-B8DB-8B4AEEACEDB7}.Debug|Any CPU.Build.0 = Debug|Any CPU
		{753BC5AE-69FA-4E71-B8DB-8B4AEEACEDB7}.Debug|x64.ActiveCfg = Debug|Any CPU
		{753BC5AE-69FA-4E71-B8DB-8B4AEEACEDB7}.Debug|x64.Build.0 = Debug|Any CPU
		{753BC5AE-69FA-4E71-B8DB-8B4AEEACEDB7}.Debug|x86.ActiveCfg = Debug|Any CPU
		{753BC5AE-69FA-4E71-B8DB-8B4AEEACEDB7}.Debug|x86.Build.0 = Debug|Any CPU
		{753BC5AE-69FA-4E71-B8DB-8B4AEEACEDB7}.Release|Any CPU.ActiveCfg = Release|Any CPU
		{753BC5AE-69FA-4E71-B8DB-8B4AEEACEDB7}.Release|Any CPU.Build.0 = Release|Any CPU
		{753BC5AE-69FA-4E71-B8DB-8B4AEEACEDB7}.Release|x64.ActiveCfg = Release|Any CPU
		{753BC5AE-69FA-4E71-B8DB-8B4AEEACEDB7}.Release|x64.Build.0 = Release|Any CPU
		{753BC5AE-69FA-4E71-B8DB-8B4AEEACEDB7}.Release|x86.ActiveCfg = Release|Any CPU
		{753BC5AE-69FA-4E71-B8DB-8B4AEEACEDB7}.Release|x86.Build.0 = Release|Any CPU
	EndGlobalSection
	GlobalSection(SolutionProperties) = preSolution
		HideSolutionNode = FALSE
	EndGlobalSection
	GlobalSection(ExtensibilityGlobals) = postSolution
		SolutionGuid = {8DF347F6-6F5F-4D58-8027-97650E6755EE}
	EndGlobalSection
EndGlobal
